Microsoft Visual Studio Solution File, Format Version 12.00
# Visual Studio Version 17
VisualStudioVersion = 17.5.2.0
MinimumVisualStudioVersion = 10.0.40219.1
Project("{FAE04EC0-301F-11D3-BF4B-00C04F79EFBC}") = "EvenOdd", "EvenOdd.csproj", "{6F6DE133-D420-9D51-AB47-F651ECB2E3B6}"
EndProject
Global
	GlobalSection(SolutionConfigurationPlatforms) = preSolution
		Debug|Any CPU = Debug|Any CPU
		Release|Any CPU = Release|Any CPU
	EndGlobalSection
	GlobalSection(ProjectConfigurationPlatforms) = postSolution
		{6F6DE133-D420-9D51-AB47-F651ECB2E3B6}.Debug|Any CPU.ActiveCfg = Debug|Any CPU
		{6F6DE133-D420-9D51-AB47-F651ECB2E3B6}.Debug|Any CPU.Build.0 = Debug|Any CPU
		{6F6DE133-D420-9D51-AB47-F651ECB2E3B6}.Release|Any CPU.ActiveCfg = Release|Any CPU
		{6F6DE133-D420-9D51-AB47-F651ECB2E3B6}.Release|Any CPU.Build.0 = Release|Any CPU
	EndGlobalSection
	GlobalSection(SolutionProperties) = preSolution
		HideSolutionNode = FALSE
	EndGlobalSection
	GlobalSection(ExtensibilityGlobals) = postSolution
		SolutionGuid = {B48CA0F3-9270-4EE7-BCD1-D902996EF2BB}
	EndGlobalSection
EndGlobal
